{
  "version": "2",
  "remote": {
    "https://deno.land/std@0.167.0/_util/asserts.ts": "d0844e9b62510f89ce1f9878b046f6a57bf88f208a10304aab50efcb48365272",
    "https://deno.land/std@0.167.0/_util/os.ts": "8a33345f74990e627b9dfe2de9b040004b08ea5146c7c9e8fe9a29070d193934",
    "https://deno.land/std@0.167.0/async/abortable.ts": "80b2ac399f142cc528f95a037a7d0e653296352d95c681e284533765961de409",
    "https://deno.land/std@0.167.0/async/deadline.ts": "2c2deb53c7c28ca1dda7a3ad81e70508b1ebc25db52559de6b8636c9278fd41f",
    "https://deno.land/std@0.167.0/async/debounce.ts": "60301ffb37e730cd2d6f9dadfd0ecb2a38857681bd7aaf6b0a106b06e5210a98",
    "https://deno.land/std@0.167.0/async/deferred.ts": "77d3f84255c3627f1cc88699d8472b664d7635990d5358c4351623e098e917d6",
    "https://deno.land/std@0.167.0/async/delay.ts": "5a9bfba8de38840308a7a33786a0155a7f6c1f7a859558ddcec5fe06e16daf57",
    "https://deno.land/std@0.167.0/async/mod.ts": "7809ad4bb223e40f5fdc043e5c7ca04e0e25eed35c32c3c32e28697c553fa6d9",
    "https://deno.land/std@0.167.0/async/mux_async_iterator.ts": "770a0ff26c59f8bbbda6b703a2235f04e379f73238e8d66a087edc68c2a2c35f",
    "https://deno.land/std@0.167.0/async/pool.ts": "6854d8cd675a74c73391c82005cbbe4cc58183bddcd1fbbd7c2bcda42b61cf69",
    "https://deno.land/std@0.167.0/async/retry.ts": "e8e5173623915bbc0ddc537698fa418cf875456c347eda1ed453528645b42e67",
    "https://deno.land/std@0.167.0/async/tee.ts": "3a47cc4e9a940904fd4341f0224907e199121c80b831faa5ec2b054c6d2eff5e",
    "https://deno.land/std@0.167.0/collections/group_by.ts": "ce8057c75d640491c0c81e0a6ce5524a8c0af00977a445ca5dbde24e4371d109",
    "https://deno.land/std@0.167.0/fs/_util.ts": "fdc156f897197f261a1c096dcf8ff9267ed0ff42bd5b31f55053a4763a4bae3b",
    "https://deno.land/std@0.167.0/fs/copy.ts": "c6303e52f544c81271c929931f5b59c9cfa4f81930719d2d3f777188c38aac9f",
    "https://deno.land/std@0.167.0/fs/empty_dir.ts": "453d6232ff109f2afb5e57ec14c3228e399205c1b408d85536aed7230290c414",
    "https://deno.land/std@0.167.0/fs/ensure_dir.ts": "5e9e3d7da7fc5b5e391e6d9ccead17086d76e82fb46ccc7cc9b9ee3491bab6e0",
    "https://deno.land/std@0.167.0/fs/ensure_file.ts": "76ef3a8ebef60d8da1fc4316fcb8e20c1b6f52b1baed3a9692ad3b0d1a9a1b03",
    "https://deno.land/std@0.167.0/fs/ensure_link.ts": "adc8919063e26819f5971a0010fedc1bfd71d6350a24db1a36dff432bc35c7d7",
    "https://deno.land/std@0.167.0/fs/ensure_symlink.ts": "5273557b8c50be69477aa9cb003b54ff2240a336db52a40851c97abce76b96ab",
    "https://deno.land/std@0.167.0/fs/eol.ts": "6e784ff8120c8d5589cb258e56dc39bc5b408ac9827a2e914163cbf9f2e3ce92",
    "https://deno.land/std@0.167.0/fs/exists.ts": "6a447912e49eb79cc640adacfbf4b0baf8e17ede6d5bed057062ce33c4fa0d68",
    "https://deno.land/std@0.167.0/fs/expand_glob.ts": "3a92ee4921d2b063b8dfefd1d87c35bf81126f0f1cb16e5a0f4e9ecb88ec6fe3",
    "https://deno.land/std@0.167.0/fs/mod.ts": "79c209c6e66903b3426f9245a4f216380a0ed47ffe9d253f5a61a0bc9ad1f314",
    "https://deno.land/std@0.167.0/fs/move.ts": "02ab1fc9b744da8b496f406e9fc77b0bf7960b6faaa7ec9f5fb0a129e5bef215",
    "https://deno.land/std@0.167.0/fs/walk.ts": "677eac2e5386217a7a4e7526769ae28b41ff4ae7a3cd0389f3aa4eb662545edd",
    "https://deno.land/std@0.167.0/http/server.ts": "e99c1bee8a3f6571ee4cdeb2966efad465b8f6fe62bec1bdb59c1f007cc4d155",
    "https://deno.land/std@0.167.0/path/_constants.ts": "df1db3ffa6dd6d1252cc9617e5d72165cd2483df90e93833e13580687b6083c3",
    "https://deno.land/std@0.167.0/path/_interface.ts": "ee3b431a336b80cf445441109d089b70d87d5e248f4f90ff906820889ecf8d09",
    "https://deno.land/std@0.167.0/path/_util.ts": "d16be2a16e1204b65f9d0dfc54a9bc472cafe5f4a190b3c8471ec2016ccd1677",
    "https://deno.land/std@0.167.0/path/common.ts": "bee563630abd2d97f99d83c96c2fa0cca7cee103e8cb4e7699ec4d5db7bd2633",
    "https://deno.land/std@0.167.0/path/glob.ts": "81cc6c72be002cd546c7a22d1f263f82f63f37fe0035d9726aa96fc8f6e4afa1",
    "https://deno.land/std@0.167.0/path/mod.ts": "cf7cec7ac11b7048bb66af8ae03513e66595c279c65cfa12bfc07d9599608b78",
    "https://deno.land/std@0.167.0/path/posix.ts": "b859684bc4d80edfd4cad0a82371b50c716330bed51143d6dcdbe59e6278b30c",
    "https://deno.land/std@0.167.0/path/separator.ts": "fe1816cb765a8068afb3e8f13ad272351c85cbc739af56dacfc7d93d710fe0f9",
    "https://deno.land/std@0.167.0/path/win32.ts": "7cebd2bda6657371adc00061a1d23fdd87bcdf64b4843bb148b0b24c11b40f69",
    "https://deno.land/x/fast_base64@v0.1.7/dist/base64-wasm.js": "39af9bac84f55fd88dff52cf756ec06318f3263432475bcccafa92dca666df5f",
    "https://deno.land/x/fast_base64@v0.1.7/mod.ts": "7aad1b1c8f53eeb3da3a24cbd637f3ce5342fb8107f54ed95fd9b066bbce9931",
    "https://esm.sh/prettier@2.7.1/parser-typescript?pin=v99": "a1874f021ffe0e7e9fe8245f6224db2dc676fed90502e01cd3ad9f8b49b4fdbf",
    "https://esm.sh/prettier@2.7.1?pin=v99": "e9bcba322fb24e29142bde52bdc3086c2921b24a1df3a3b58ca129926ce7bfa7",
    "https://esm.sh/react-dom@18.2.0/server?pin=v99": "254dadb754ed6c9e58892a8ac39b3bc049c305df75841f174f51ee9fe44f308b",
    "https://esm.sh/react@18.2.0?pin=v99": "84aa07282d2f3c843f7d56daeae0be41ceae768391c4418f7358dd64e8fe4eca",
    "https://esm.sh/stable/react@18.2.0/deno/react.js": "806868069cfdb815e028419cf07ebc7a7bcba7f9e31dec9e3a045b9f8e82c1ed",
    "https://esm.sh/v99/@types/prettier@2.7.1/index.d.ts": "93c4fc5b5237c09bc9ed65cb8f0dc1d89034406ab40500b89701341994897142",
    "https://esm.sh/v99/@types/prettier@2.7.1/parser-typescript~.d.ts": "39b32b7e7e804787afd891865071a345f1cb6dafb9175edebb8407eb83a5c1ba",
    "https://esm.sh/v99/@types/prop-types@15.7.5/index.d.ts": "6a386ff939f180ae8ef064699d8b7b6e62bc2731a62d7fbf5e02589383838dea",
    "https://esm.sh/v99/@types/react-dom@18.0.9/server~.d.ts": "54e0e45acce638a46c2dc13a5e9800c3fc094ec58baef3aeaedbd0c674a55249",
    "https://esm.sh/v99/@types/react@18.0.25/global.d.ts": "bbdf156fea2fabed31a569445835aeedcc33643d404fcbaa54541f06c109df3f",
    "https://esm.sh/v99/@types/react@18.0.25/index.d.ts": "12154bc47748a901d10aa84dc39d0ec3a5f2d50624a7f018b473ef5af23063b4",
    "https://esm.sh/v99/@types/scheduler@0.16.2/tracing.d.ts": "f5a8b384f182b3851cec3596ccc96cb7464f8d3469f48c74bf2befb782a19de5",
    "https://esm.sh/v99/csstype@3.1.1/index.d.ts": "1c29793071152b207c01ea1954e343be9a44d85234447b2b236acae9e709a383",
    "https://esm.sh/v99/prettier@2.7.1/deno/parser-typescript.js": "2bcbf6e674e162d9faf010cc22ec20e42313cac58185cbbfc46ce71d6fda6767",
    "https://esm.sh/v99/prettier@2.7.1/deno/prettier.js": "14dbc613cd7818b445dc18084aaa393e16d809daac3baa732e0386a2a1459f33",
    "https://esm.sh/v99/react-dom@18.2.0/deno/server.js": "bf1ce0fcb084be382713a3bbf9df8d6564cddad331ef30e9307f1c8eaa1e513d",
    "https://raw.githubusercontent.com/narumincho/definy/0b25ff2f004a96153cc0405afb80e09fddd45672/deno-lib/definyRpc/codeGen/func.ts": "416c0722244a4118e05c9ffd556a264cb99191a1ad449f2b82fbd24d9f08da08",
    "https://raw.githubusercontent.com/narumincho/definy/0b25ff2f004a96153cc0405afb80e09fddd45672/deno-lib/definyRpc/codeGen/main.ts": "4dd9928dfddc71f80ae3855513a442b56f34a0e1135cdeb48b66190b40e53a0f",
    "https://raw.githubusercontent.com/narumincho/definy/0b25ff2f004a96153cc0405afb80e09fddd45672/deno-lib/definyRpc/codeGen/namespace.ts": "5ed1502b9e3dc7369a6bb7a9d0fea259c351c1440e142ec0b03cc7930fceb55d",
    "https://raw.githubusercontent.com/narumincho/definy/0b25ff2f004a96153cc0405afb80e09fddd45672/deno-lib/definyRpc/codeGen/result.ts": "b44d7cede767eeb9f39d3b85b0d2622fd0ace5886be789a8233aa3b55bdbaa29",
    "https://raw.githubusercontent.com/narumincho/definy/0b25ff2f004a96153cc0405afb80e09fddd45672/deno-lib/definyRpc/codeGen/type.ts": "7b705c4c55685adadb130a7fd68ca72c2bbda7e576f21b3c070616beaaf285a4",
    "https://raw.githubusercontent.com/narumincho/definy/0b25ff2f004a96153cc0405afb80e09fddd45672/deno-lib/definyRpc/codeGen/type/use.ts": "f12b5446249976c85c164896485c65f8d8d6aa2c1c809db4f3a3c071048758f3",
    "https://raw.githubusercontent.com/narumincho/definy/0b25ff2f004a96153cc0405afb80e09fddd45672/deno-lib/definyRpc/codeGen/typeVariable/from.ts": "41bb690ee5e13c54b474236e234b86d995ca4ea4aa2cca65f2c19c57d8a4fcbb",
    "https://raw.githubusercontent.com/narumincho/definy/0b25ff2f004a96153cc0405afb80e09fddd45672/deno-lib/definyRpc/codeGen/typeVariable/tag.ts": "0e155d45ea0919291fca20bcd448a09a654a72fc744336e503680744007d9cb0",
    "https://raw.githubusercontent.com/narumincho/definy/0b25ff2f004a96153cc0405afb80e09fddd45672/deno-lib/definyRpc/codeGen/typeVariable/type.ts": "762830426d6fb44d8b151268d33d40b6ffd4a803e5b1eb105aa14ef2076b4175",
    "https://raw.githubusercontent.com/narumincho/definy/0b25ff2f004a96153cc0405afb80e09fddd45672/deno-lib/definyRpc/codeGen/typeVariable/use.ts": "228de4319db80fbfc7fc17be084299ffbb4f8bf89405c1332d78deb236366784",
    "https://raw.githubusercontent.com/narumincho/definy/0b25ff2f004a96153cc0405afb80e09fddd45672/deno-lib/definyRpc/codeGen/useMaybe.ts": "c50c83f83a3add0ce59709d59115ebc4a4548efb658aec967530d5b5b57ef9c2",
    "https://raw.githubusercontent.com/narumincho/definy/0b25ff2f004a96153cc0405afb80e09fddd45672/deno-lib/definyRpc/codeGen/useNamespace.ts": "3444caa092f39518a46215d7926572dea3049c81b336c183ffb5acce0e98bfbc",
    "https://raw.githubusercontent.com/narumincho/definy/0b25ff2f004a96153cc0405afb80e09fddd45672/deno-lib/definyRpc/core/apiFunction.ts": "03f62a08b9fd7a5530d76fb6c2fb63e128dca930050d60fb8540239233ec4456",
    "https://raw.githubusercontent.com/narumincho/definy/0b25ff2f004a96153cc0405afb80e09fddd45672/deno-lib/definyRpc/core/builtInFunctions.ts": "5c133cd3da2a1a2ad87e824e1ccd737fed0d8c4933a3e603bb98decc56e8875e",
    "https://raw.githubusercontent.com/narumincho/definy/0b25ff2f004a96153cc0405afb80e09fddd45672/deno-lib/definyRpc/core/collectType.ts": "eed72d41f034ec9b10df88349aecd9849d0c30a48bfef4cf529fb693fd564774",
    "https://raw.githubusercontent.com/narumincho/definy/0b25ff2f004a96153cc0405afb80e09fddd45672/deno-lib/definyRpc/core/coreType.ts": "b2d86547914d59425d12c86a75cabceea2302cb2467868072af8d5e1772caf9f",
    "https://raw.githubusercontent.com/narumincho/definy/0b25ff2f004a96153cc0405afb80e09fddd45672/deno-lib/definyRpc/core/coreTypeInfo.ts": "48ec3b665c6e03c2845e944b427e20bf185fe08a92cbc3ebea3c59143d344e41",
    "https://raw.githubusercontent.com/narumincho/definy/0b25ff2f004a96153cc0405afb80e09fddd45672/deno-lib/definyRpc/core/fromStructuredJson.ts": "6d7ffa5ad7895605de5769e1e70bc59d36d2f6fc71bf497f1b703ffa16a7cdb5",
    "https://raw.githubusercontent.com/narumincho/definy/0b25ff2f004a96153cc0405afb80e09fddd45672/deno-lib/definyRpc/core/generateMetaAndLocalCode.ts": "d83c47d2c397b55cc315a3d742107a7bcc160e309417351ecc015ac3c54c118c",
    "https://raw.githubusercontent.com/narumincho/definy/0b25ff2f004a96153cc0405afb80e09fddd45672/deno-lib/definyRpc/core/toStructuredJson.ts": "c6cae03c73a660f2a141f040c4139a8335151f3c775008d4e7d4d16f190ba88c",
    "https://raw.githubusercontent.com/narumincho/definy/0b25ff2f004a96153cc0405afb80e09fddd45672/deno-lib/definyRpc/server/browserClient.json": "14cde6bad8a17e356a74bb713b87a396b030dbd54fdfd52283f73747a29259de",
    "https://raw.githubusercontent.com/narumincho/definy/0b25ff2f004a96153cc0405afb80e09fddd45672/deno-lib/definyRpc/server/definyRpc.ts": "d4056625fe4cdc9bb43895741a5d82e2826c61dd4ba6e1a3dad43d3e74f1b3b1",
    "https://raw.githubusercontent.com/narumincho/definy/0b25ff2f004a96153cc0405afb80e09fddd45672/deno-lib/jsTs/collect.ts": "a18618da3939d5480732a0042beffabe2498da75765e74d8e5f41f056568a35d",
    "https://raw.githubusercontent.com/narumincho/definy/0b25ff2f004a96153cc0405afb80e09fddd45672/deno-lib/jsTs/data.ts": "6831399419c49cd37fc6bd39352d7eacb1f0dbe63334ba8b425883cc0ae9e161",
    "https://raw.githubusercontent.com/narumincho/definy/0b25ff2f004a96153cc0405afb80e09fddd45672/deno-lib/jsTs/identifier.ts": "8cd43bcb1aa9ecc115970121722633b6950d7db3ac3d1e8e02f9344dd010fc9c",
    "https://raw.githubusercontent.com/narumincho/definy/0b25ff2f004a96153cc0405afb80e09fddd45672/deno-lib/jsTs/interface.ts": "6f4e6ceb2e6120e38d9f6e37bd83c28042defa9de2fddfec41296e3540a585ff",
    "https://raw.githubusercontent.com/narumincho/definy/0b25ff2f004a96153cc0405afb80e09fddd45672/deno-lib/jsTs/main.ts": "4c08633f958e3fd27948aa6180cb06c4f900871be5c96eb8d50d09a598521c22",
    "https://raw.githubusercontent.com/narumincho/definy/0b25ff2f004a96153cc0405afb80e09fddd45672/deno-lib/jsTs/toString.ts": "00d5666a6cf9eec74cadf9e1beb453fa59ebe91ef4fc0f793cf5903488f6786e",
    "https://raw.githubusercontent.com/narumincho/definy/0b25ff2f004a96153cc0405afb80e09fddd45672/deno-lib/jsTs/toString/common.ts": "9e189f3c57403cb1d0a1818fefd9634444f83ad91e92f7223eeb2012f1a630b8",
    "https://raw.githubusercontent.com/narumincho/definy/0b25ff2f004a96153cc0405afb80e09fddd45672/deno-lib/jsTs/toString/context.ts": "a20916fbd39e4cc6540ee70ffd9675a814c8699b71d06562e0fdbb8988f8b12a",
    "https://raw.githubusercontent.com/narumincho/definy/0b25ff2f004a96153cc0405afb80e09fddd45672/deno-lib/jsTs/toString/expr.ts": "b37d42a9530b81a3af0e3aa49df0209c83d8a5a477717634c7fbd6c29893b36f",
    "https://raw.githubusercontent.com/narumincho/definy/0b25ff2f004a96153cc0405afb80e09fddd45672/deno-lib/jsTs/toString/statement.ts": "4e225df6d441a0f1f035b1d1867fb26dd71a26675fe5f0b3529d182fea757a93",
    "https://raw.githubusercontent.com/narumincho/definy/0b25ff2f004a96153cc0405afb80e09fddd45672/deno-lib/jsTs/toString/type.ts": "e720b53199a338a8c073e5c79226a3379e378216425d29e3aa808b2da12aa4b7",
    "https://raw.githubusercontent.com/narumincho/definy/0b25ff2f004a96153cc0405afb80e09fddd45672/deno-lib/objectEntriesSameValue.ts": "6fd929a645c013c0bb5c402340e7c1a936e8ba413a5ac17a208f23e627bcea4a",
    "https://raw.githubusercontent.com/narumincho/definy/0b25ff2f004a96153cc0405afb80e09fddd45672/deno-lib/prettier.ts": "9d2dad42d9dcb5618c06577731de961d2da1b7b41f31afd368e9ea4a424e6691",
    "https://raw.githubusercontent.com/narumincho/definy/0b25ff2f004a96153cc0405afb80e09fddd45672/deno-lib/simpleRequestResponse/simpleRequest.ts": "a0a8f0cc2004da6a2423609aeffff6f84cebf0d049f642fb1f19a5cd05ebf4ac",
    "https://raw.githubusercontent.com/narumincho/definy/0b25ff2f004a96153cc0405afb80e09fddd45672/deno-lib/simpleRequestResponse/simpleResponse.ts": "2433d462f6accc88ad9d9eb210eba1641371e5f96d38ee63ee99387694140274",
    "https://raw.githubusercontent.com/narumincho/definy/0b25ff2f004a96153cc0405afb80e09fddd45672/deno-lib/simpleRequestResponse/simpleUrl.ts": "d66dae7ba254503e522533aedb544f47bc8153ae4945d16e2731e6b1dba2b2ed",
    "https://raw.githubusercontent.com/narumincho/definy/0b25ff2f004a96153cc0405afb80e09fddd45672/deno-lib/typedJson.ts": "fd631a66c9183600272f0834370b8a0bef99c367a6bb8615071bba9fb5d3f404",
    "https://raw.githubusercontent.com/narumincho/definy/0b25ff2f004a96153cc0405afb80e09fddd45672/deno-lib/util.ts": "3d1bac8a177b4901b21328f33281ed5c528d7643b6e2f968c0367d1bf994f8f6",
    "https://raw.githubusercontent.com/narumincho/definy/0b25ff2f004a96153cc0405afb80e09fddd45672/deno-lib/writeFileAndLog.ts": "3890c1410c24f5f7b2b460cbec6f93cbbd73811a0043dbc114cd885a949f54e1"
  }
}
